
Microsoft Visual Studio Solution File, Format Version 12.00
# Visual Studio Version 16
VisualStudioVersion = 16.0.29025.244
MinimumVisualStudioVersion = 10.0.40219.1
Project("{FAE04EC0-301F-11D3-BF4B-00C04F79EFBC}") = "Approximation", "Approximation\Approximation.csproj", "{11B4B8A7-5B3C-49FF-BEDC-B7F74015EA2D}"
EndProject
Global
	GlobalSection(SolutionConfigurationPlatforms) = preSolution
		Debug|Any CPU = Debug|Any CPU
		Release|Any CPU = Release|Any CPU
	EndGlobalSection
	GlobalSection(ProjectConfigurationPlatforms) = postSolution
		{11B4B8A7-5B3C-49FF-BEDC-B7F74015EA2D}.Debug|Any CPU.ActiveCfg = Debug|Any CPU
		{11B4B8A7-5B3C-49FF-BEDC-B7F74015EA2D}.Debug|Any CPU.Build.0 = Debug|Any CPU
		{11B4B8A7-5B3C-49FF-BEDC-B7F74015EA2D}.Release|Any CPU.ActiveCfg = Release|Any CPU
		{11B4B8A7-5B3C-49FF-BEDC-B7F74015EA2D}.Release|Any CPU.Build.0 = Release|Any CPU
	EndGlobalSection
	GlobalSection(SolutionProperties) = preSolution
		HideSolutionNode = FALSE
	EndGlobalSection
	GlobalSection(ExtensibilityGlobals) = postSolution
		SolutionGuid = {F2627FD0-78B1-4071-BC92-D2738D0F65C6}
	EndGlobalSection
EndGlobal
